{
  "version": 4,
  "terraform_version": "1.2.2",
  "serial": 661,
  "lineage": "be692081-443f-8928-a7e8-dc3510485b5f",
  "outputs": {
    "admin_password": {
      "value": [
        "iW7GEFJjFFqXS0jl"
      ],
      "type": [
        "tuple",
        [
          "string"
        ]
      ],
      "sensitive": true
    }
  },
  "resources": [
    {
      "mode": "managed",
      "type": "azurerm_availability_set",
      "name": "avset-tf-wt",
      "provider": "provider[\"registry.terraform.io/hashicorp/azurerm\"]",
      "instances": [
        {
          "schema_version": 0,
          "attributes": {
            "id": "/subscriptions/85ba23e3-1754-41e4-952c-b2d1c4e400a3/resourceGroups/rg-tf/providers/Microsoft.Compute/availabilitySets/avset-tf-wt-app",
            "location": "eastus",
            "managed": true,
            "name": "avset-tf-wt-app",
            "platform_fault_domain_count": 3,
            "platform_update_domain_count": 3,
            "proximity_placement_group_id": null,
            "resource_group_name": "rg-tf",
            "tags": {},
            "timeouts": null
          },
          "sensitive_attributes": [],
          "private": "eyJlMmJmYjczMC1lY2FhLTExZTYtOGY4OC0zNDM2M2JjN2M0YzAiOnsiY3JlYXRlIjoxODAwMDAwMDAwMDAwLCJkZWxldGUiOjE4MDAwMDAwMDAwMDAsInJlYWQiOjMwMDAwMDAwMDAwMCwidXBkYXRlIjoxODAwMDAwMDAwMDAwfX0=",
          "dependencies": [
            "azurerm_resource_group.tf"
          ]
        }
      ]
    },
    {
      "mode": "managed",
      "type": "azurerm_lb",
      "name": "tf",
      "provider": "provider[\"registry.terraform.io/hashicorp/azurerm\"]",
      "instances": [
        {
          "schema_version": 0,
          "attributes": {
            "edge_zone": "",
            "frontend_ip_configuration": [
              {
                "gateway_load_balancer_frontend_ip_configuration_id": "",
                "id": "/subscriptions/85ba23e3-1754-41e4-952c-b2d1c4e400a3/resourceGroups/rg-tf/providers/Microsoft.Network/loadBalancers/lb-tf-wt-app/frontendIPConfigurations/public-ip-config-tf-wt-app",
                "inbound_nat_rules": [
                  "/subscriptions/85ba23e3-1754-41e4-952c-b2d1c4e400a3/resourceGroups/rg-tf/providers/Microsoft.Network/loadBalancers/lb-tf-wt-app/inboundNatRules/lb-nat-ssh-0",
                  "/subscriptions/85ba23e3-1754-41e4-952c-b2d1c4e400a3/resourceGroups/rg-tf/providers/Microsoft.Network/loadBalancers/lb-tf-wt-app/inboundNatRules/lb-nat-ssh-1",
                  "/subscriptions/85ba23e3-1754-41e4-952c-b2d1c4e400a3/resourceGroups/rg-tf/providers/Microsoft.Network/loadBalancers/lb-tf-wt-app/inboundNatRules/lb-nat-ssh-2"
                ],
                "load_balancer_rules": [
                  "/subscriptions/85ba23e3-1754-41e4-952c-b2d1c4e400a3/resourceGroups/rg-tf/providers/Microsoft.Network/loadBalancers/lb-tf-wt-app/loadBalancingRules/lb-rule"
                ],
                "name": "public-ip-config-tf-wt-app",
                "outbound_rules": [],
                "private_ip_address": "",
                "private_ip_address_allocation": "Dynamic",
                "private_ip_address_version": "",
                "public_ip_address_id": "/subscriptions/85ba23e3-1754-41e4-952c-b2d1c4e400a3/resourceGroups/rg-tf/providers/Microsoft.Network/publicIPAddresses/lb-public-ip",
                "public_ip_prefix_id": "",
                "subnet_id": "",
                "zones": []
              }
            ],
            "id": "/subscriptions/85ba23e3-1754-41e4-952c-b2d1c4e400a3/resourceGroups/rg-tf/providers/Microsoft.Network/loadBalancers/lb-tf-wt-app",
            "location": "eastus",
            "name": "lb-tf-wt-app",
            "private_ip_address": "",
            "private_ip_addresses": [],
            "resource_group_name": "rg-tf",
            "sku": "Standard",
            "sku_tier": "Regional",
            "tags": {},
            "timeouts": null
          },
          "sensitive_attributes": [],
          "private": "eyJlMmJmYjczMC1lY2FhLTExZTYtOGY4OC0zNDM2M2JjN2M0YzAiOnsiY3JlYXRlIjoxODAwMDAwMDAwMDAwLCJkZWxldGUiOjE4MDAwMDAwMDAwMDAsInJlYWQiOjMwMDAwMDAwMDAwMCwidXBkYXRlIjoxODAwMDAwMDAwMDAwfX0=",
          "dependencies": [
            "azurerm_public_ip.tf",
            "azurerm_resource_group.tf"
          ]
        }
      ]
    },
    {
      "mode": "managed",
      "type": "azurerm_lb_backend_address_pool",
      "name": "tf",
      "provider": "provider[\"registry.terraform.io/hashicorp/azurerm\"]",
      "instances": [
        {
          "schema_version": 0,
          "attributes": {
            "backend_ip_configurations": [],
            "id": "/subscriptions/85ba23e3-1754-41e4-952c-b2d1c4e400a3/resourceGroups/rg-tf/providers/Microsoft.Network/loadBalancers/lb-tf-wt-app/backendAddressPools/lb-bepool-tf-wt-app",
            "load_balancing_rules": [
              "/subscriptions/85ba23e3-1754-41e4-952c-b2d1c4e400a3/resourceGroups/rg-tf/providers/Microsoft.Network/loadBalancers/lb-tf-wt-app/loadBalancingRules/lb-rule"
            ],
            "loadbalancer_id": "/subscriptions/85ba23e3-1754-41e4-952c-b2d1c4e400a3/resourceGroups/rg-tf/providers/Microsoft.Network/loadBalancers/lb-tf-wt-app",
            "name": "lb-bepool-tf-wt-app",
            "outbound_rules": [],
            "timeouts": null,
            "tunnel_interface": []
          },
          "sensitive_attributes": [],
          "private": "eyJlMmJmYjczMC1lY2FhLTExZTYtOGY4OC0zNDM2M2JjN2M0YzAiOnsiY3JlYXRlIjoxODAwMDAwMDAwMDAwLCJkZWxldGUiOjE4MDAwMDAwMDAwMDAsInJlYWQiOjMwMDAwMDAwMDAwMCwidXBkYXRlIjoxODAwMDAwMDAwMDAwfX0=",
          "dependencies": [
            "azurerm_lb.tf",
            "azurerm_public_ip.tf",
            "azurerm_resource_group.tf"
          ]
        }
      ]
    },
    {
      "mode": "managed",
      "type": "azurerm_lb_backend_address_pool_address",
      "name": "tf-lb-bepool-addr",
      "provider": "provider[\"registry.terraform.io/hashicorp/azurerm\"]",
      "instances": [
        {
          "index_key": 0,
          "schema_version": 0,
          "attributes": {
            "backend_address_pool_id": "/subscriptions/85ba23e3-1754-41e4-952c-b2d1c4e400a3/resourceGroups/rg-tf/providers/Microsoft.Network/loadBalancers/lb-tf-wt-app/backendAddressPools/lb-bepool-tf-wt-app",
            "id": "/subscriptions/85ba23e3-1754-41e4-952c-b2d1c4e400a3/resourceGroups/rg-tf/providers/Microsoft.Network/loadBalancers/lb-tf-wt-app/backendAddressPools/lb-bepool-tf-wt-app/addresses/lb-bepool-address-0",
            "ip_address": "10.0.0.38",
            "name": "lb-bepool-address-0",
            "timeouts": null,
            "virtual_network_id": "/subscriptions/85ba23e3-1754-41e4-952c-b2d1c4e400a3/resourceGroups/rg-tf/providers/Microsoft.Network/virtualNetworks/vnet-tf"
          },
          "sensitive_attributes": [],
          "private": "eyJlMmJmYjczMC1lY2FhLTExZTYtOGY4OC0zNDM2M2JjN2M0YzAiOnsiY3JlYXRlIjoxODAwMDAwMDAwMDAwLCJkZWxldGUiOjE4MDAwMDAwMDAwMDAsInJlYWQiOjMwMDAwMDAwMDAwMCwidXBkYXRlIjoxODAwMDAwMDAwMDAwfX0=",
          "dependencies": [
            "azurerm_lb.tf",
            "azurerm_lb_backend_address_pool.tf",
            "azurerm_network_interface.tf-nic",
            "azurerm_public_ip.tf",
            "azurerm_resource_group.tf",
            "azurerm_subnet.tf-pulic-subnet",
            "azurerm_virtual_network.tf"
          ]
        },
        {
          "index_key": 1,
          "schema_version": 0,
          "attributes": {
            "backend_address_pool_id": "/subscriptions/85ba23e3-1754-41e4-952c-b2d1c4e400a3/resourceGroups/rg-tf/providers/Microsoft.Network/loadBalancers/lb-tf-wt-app/backendAddressPools/lb-bepool-tf-wt-app",
            "id": "/subscriptions/85ba23e3-1754-41e4-952c-b2d1c4e400a3/resourceGroups/rg-tf/providers/Microsoft.Network/loadBalancers/lb-tf-wt-app/backendAddressPools/lb-bepool-tf-wt-app/addresses/lb-bepool-address-1",
            "ip_address": "10.0.0.37",
            "name": "lb-bepool-address-1",
            "timeouts": null,
            "virtual_network_id": "/subscriptions/85ba23e3-1754-41e4-952c-b2d1c4e400a3/resourceGroups/rg-tf/providers/Microsoft.Network/virtualNetworks/vnet-tf"
          },
          "sensitive_attributes": [],
          "private": "eyJlMmJmYjczMC1lY2FhLTExZTYtOGY4OC0zNDM2M2JjN2M0YzAiOnsiY3JlYXRlIjoxODAwMDAwMDAwMDAwLCJkZWxldGUiOjE4MDAwMDAwMDAwMDAsInJlYWQiOjMwMDAwMDAwMDAwMCwidXBkYXRlIjoxODAwMDAwMDAwMDAwfX0=",
          "dependencies": [
            "azurerm_lb.tf",
            "azurerm_lb_backend_address_pool.tf",
            "azurerm_network_interface.tf-nic",
            "azurerm_public_ip.tf",
            "azurerm_resource_group.tf",
            "azurerm_subnet.tf-pulic-subnet",
            "azurerm_virtual_network.tf"
          ]
        },
        {
          "index_key": 2,
          "schema_version": 0,
          "attributes": {
            "backend_address_pool_id": "/subscriptions/85ba23e3-1754-41e4-952c-b2d1c4e400a3/resourceGroups/rg-tf/providers/Microsoft.Network/loadBalancers/lb-tf-wt-app/backendAddressPools/lb-bepool-tf-wt-app",
            "id": "/subscriptions/85ba23e3-1754-41e4-952c-b2d1c4e400a3/resourceGroups/rg-tf/providers/Microsoft.Network/loadBalancers/lb-tf-wt-app/backendAddressPools/lb-bepool-tf-wt-app/addresses/lb-bepool-address-2",
            "ip_address": "10.0.0.36",
            "name": "lb-bepool-address-2",
            "timeouts": null,
            "virtual_network_id": "/subscriptions/85ba23e3-1754-41e4-952c-b2d1c4e400a3/resourceGroups/rg-tf/providers/Microsoft.Network/virtualNetworks/vnet-tf"
          },
          "sensitive_attributes": [],
          "private": "eyJlMmJmYjczMC1lY2FhLTExZTYtOGY4OC0zNDM2M2JjN2M0YzAiOnsiY3JlYXRlIjoxODAwMDAwMDAwMDAwLCJkZWxldGUiOjE4MDAwMDAwMDAwMDAsInJlYWQiOjMwMDAwMDAwMDAwMCwidXBkYXRlIjoxODAwMDAwMDAwMDAwfX0=",
          "dependencies": [
            "azurerm_lb.tf",
            "azurerm_lb_backend_address_pool.tf",
            "azurerm_network_interface.tf-nic",
            "azurerm_public_ip.tf",
            "azurerm_resource_group.tf",
            "azurerm_subnet.tf-pulic-subnet",
            "azurerm_virtual_network.tf"
          ]
        }
      ]
    },
    {
      "mode": "managed",
      "type": "azurerm_lb_nat_rule",
      "name": "tf-lb-nat-rule",
      "provider": "provider[\"registry.terraform.io/hashicorp/azurerm\"]",
      "instances": [
        {
          "index_key": 0,
          "schema_version": 0,
          "attributes": {
            "backend_ip_configuration_id": "/subscriptions/85ba23e3-1754-41e4-952c-b2d1c4e400a3/resourceGroups/rg-tf/providers/Microsoft.Network/networkInterfaces/app-vm-0-nic/ipConfigurations/app-vm-0-nic",
            "backend_port": 22,
            "enable_floating_ip": false,
            "enable_tcp_reset": false,
            "frontend_ip_configuration_id": "/subscriptions/85ba23e3-1754-41e4-952c-b2d1c4e400a3/resourceGroups/rg-tf/providers/Microsoft.Network/loadBalancers/lb-tf-wt-app/frontendIPConfigurations/public-ip-config-tf-wt-app",
            "frontend_ip_configuration_name": "public-ip-config-tf-wt-app",
            "frontend_port": 200,
            "id": "/subscriptions/85ba23e3-1754-41e4-952c-b2d1c4e400a3/resourceGroups/rg-tf/providers/Microsoft.Network/loadBalancers/lb-tf-wt-app/inboundNatRules/lb-nat-ssh-0",
            "idle_timeout_in_minutes": 4,
            "loadbalancer_id": "/subscriptions/85ba23e3-1754-41e4-952c-b2d1c4e400a3/resourceGroups/rg-tf/providers/Microsoft.Network/loadBalancers/lb-tf-wt-app",
            "name": "lb-nat-ssh-0",
            "protocol": "Tcp",
            "resource_group_name": "rg-tf",
            "timeouts": null
          },
          "sensitive_attributes": [],
          "private": "eyJlMmJmYjczMC1lY2FhLTExZTYtOGY4OC0zNDM2M2JjN2M0YzAiOnsiY3JlYXRlIjoxODAwMDAwMDAwMDAwLCJkZWxldGUiOjE4MDAwMDAwMDAwMDAsInJlYWQiOjMwMDAwMDAwMDAwMCwidXBkYXRlIjoxODAwMDAwMDAwMDAwfX0=",
          "dependencies": [
            "azurerm_lb.tf",
            "azurerm_public_ip.tf",
            "azurerm_resource_group.tf"
          ]
        },
        {
          "index_key": 1,
          "schema_version": 0,
          "attributes": {
            "backend_ip_configuration_id": "/subscriptions/85ba23e3-1754-41e4-952c-b2d1c4e400a3/resourceGroups/rg-tf/providers/Microsoft.Network/networkInterfaces/app-vm-1-nic/ipConfigurations/app-vm-1-nic",
            "backend_port": 22,
            "enable_floating_ip": false,
            "enable_tcp_reset": false,
            "frontend_ip_configuration_id": "/subscriptions/85ba23e3-1754-41e4-952c-b2d1c4e400a3/resourceGroups/rg-tf/providers/Microsoft.Network/loadBalancers/lb-tf-wt-app/frontendIPConfigurations/public-ip-config-tf-wt-app",
            "frontend_ip_configuration_name": "public-ip-config-tf-wt-app",
            "frontend_port": 201,
            "id": "/subscriptions/85ba23e3-1754-41e4-952c-b2d1c4e400a3/resourceGroups/rg-tf/providers/Microsoft.Network/loadBalancers/lb-tf-wt-app/inboundNatRules/lb-nat-ssh-1",
            "idle_timeout_in_minutes": 4,
            "loadbalancer_id": "/subscriptions/85ba23e3-1754-41e4-952c-b2d1c4e400a3/resourceGroups/rg-tf/providers/Microsoft.Network/loadBalancers/lb-tf-wt-app",
            "name": "lb-nat-ssh-1",
            "protocol": "Tcp",
            "resource_group_name": "rg-tf",
            "timeouts": null
          },
          "sensitive_attributes": [],
          "private": "eyJlMmJmYjczMC1lY2FhLTExZTYtOGY4OC0zNDM2M2JjN2M0YzAiOnsiY3JlYXRlIjoxODAwMDAwMDAwMDAwLCJkZWxldGUiOjE4MDAwMDAwMDAwMDAsInJlYWQiOjMwMDAwMDAwMDAwMCwidXBkYXRlIjoxODAwMDAwMDAwMDAwfX0=",
          "dependencies": [
            "azurerm_lb.tf",
            "azurerm_public_ip.tf",
            "azurerm_resource_group.tf"
          ]
        },
        {
          "index_key": 2,
          "schema_version": 0,
          "attributes": {
            "backend_ip_configuration_id": "/subscriptions/85ba23e3-1754-41e4-952c-b2d1c4e400a3/resourceGroups/rg-tf/providers/Microsoft.Network/networkInterfaces/app-vm-2-nic/ipConfigurations/app-vm-2-nic",
            "backend_port": 22,
            "enable_floating_ip": false,
            "enable_tcp_reset": false,
            "frontend_ip_configuration_id": "/subscriptions/85ba23e3-1754-41e4-952c-b2d1c4e400a3/resourceGroups/rg-tf/providers/Microsoft.Network/loadBalancers/lb-tf-wt-app/frontendIPConfigurations/public-ip-config-tf-wt-app",
            "frontend_ip_configuration_name": "public-ip-config-tf-wt-app",
            "frontend_port": 202,
            "id": "/subscriptions/85ba23e3-1754-41e4-952c-b2d1c4e400a3/resourceGroups/rg-tf/providers/Microsoft.Network/loadBalancers/lb-tf-wt-app/inboundNatRules/lb-nat-ssh-2",
            "idle_timeout_in_minutes": 4,
            "loadbalancer_id": "/subscriptions/85ba23e3-1754-41e4-952c-b2d1c4e400a3/resourceGroups/rg-tf/providers/Microsoft.Network/loadBalancers/lb-tf-wt-app",
            "name": "lb-nat-ssh-2",
            "protocol": "Tcp",
            "resource_group_name": "rg-tf",
            "timeouts": null
          },
          "sensitive_attributes": [],
          "private": "eyJlMmJmYjczMC1lY2FhLTExZTYtOGY4OC0zNDM2M2JjN2M0YzAiOnsiY3JlYXRlIjoxODAwMDAwMDAwMDAwLCJkZWxldGUiOjE4MDAwMDAwMDAwMDAsInJlYWQiOjMwMDAwMDAwMDAwMCwidXBkYXRlIjoxODAwMDAwMDAwMDAwfX0=",
          "dependencies": [
            "azurerm_lb.tf",
            "azurerm_public_ip.tf",
            "azurerm_resource_group.tf"
          ]
        }
      ]
    },
    {
      "mode": "managed",
      "type": "azurerm_lb_probe",
      "name": "tf-lb-health-probe",
      "provider": "provider[\"registry.terraform.io/hashicorp/azurerm\"]",
      "instances": [
        {
          "schema_version": 0,
          "attributes": {
            "id": "/subscriptions/85ba23e3-1754-41e4-952c-b2d1c4e400a3/resourceGroups/rg-tf/providers/Microsoft.Network/loadBalancers/lb-tf-wt-app/probes/lb-health-probe-tf-wt-app",
            "interval_in_seconds": 15,
            "load_balancer_rules": [
              "/subscriptions/85ba23e3-1754-41e4-952c-b2d1c4e400a3/resourceGroups/rg-tf/providers/Microsoft.Network/loadBalancers/lb-tf-wt-app/loadBalancingRules/lb-rule"
            ],
            "loadbalancer_id": "/subscriptions/85ba23e3-1754-41e4-952c-b2d1c4e400a3/resourceGroups/rg-tf/providers/Microsoft.Network/loadBalancers/lb-tf-wt-app",
            "name": "lb-health-probe-tf-wt-app",
            "number_of_probes": 2,
            "port": 8080,
            "protocol": "Tcp",
            "request_path": "",
            "timeouts": null
          },
          "sensitive_attributes": [],
          "private": "eyJlMmJmYjczMC1lY2FhLTExZTYtOGY4OC0zNDM2M2JjN2M0YzAiOnsiY3JlYXRlIjoxODAwMDAwMDAwMDAwLCJkZWxldGUiOjE4MDAwMDAwMDAwMDAsInJlYWQiOjMwMDAwMDAwMDAwMCwidXBkYXRlIjoxODAwMDAwMDAwMDAwfX0=",
          "dependencies": [
            "azurerm_lb.tf",
            "azurerm_public_ip.tf",
            "azurerm_resource_group.tf"
          ]
        }
      ]
    },
    {
      "mode": "managed",
      "type": "azurerm_lb_rule",
      "name": "tf",
      "provider": "provider[\"registry.terraform.io/hashicorp/azurerm\"]",
      "instances": [
        {
          "schema_version": 0,
          "attributes": {
            "backend_address_pool_ids": [
              "/subscriptions/85ba23e3-1754-41e4-952c-b2d1c4e400a3/resourceGroups/rg-tf/providers/Microsoft.Network/loadBalancers/lb-tf-wt-app/backendAddressPools/lb-bepool-tf-wt-app"
            ],
            "backend_port": 8080,
            "disable_outbound_snat": false,
            "enable_floating_ip": false,
            "enable_tcp_reset": false,
            "frontend_ip_configuration_id": "/subscriptions/85ba23e3-1754-41e4-952c-b2d1c4e400a3/resourceGroups/rg-tf/providers/Microsoft.Network/loadBalancers/lb-tf-wt-app/frontendIPConfigurations/public-ip-config-tf-wt-app",
            "frontend_ip_configuration_name": "public-ip-config-tf-wt-app",
            "frontend_port": 8080,
            "id": "/subscriptions/85ba23e3-1754-41e4-952c-b2d1c4e400a3/resourceGroups/rg-tf/providers/Microsoft.Network/loadBalancers/lb-tf-wt-app/loadBalancingRules/lb-rule",
            "idle_timeout_in_minutes": 4,
            "load_distribution": "Default",
            "loadbalancer_id": "/subscriptions/85ba23e3-1754-41e4-952c-b2d1c4e400a3/resourceGroups/rg-tf/providers/Microsoft.Network/loadBalancers/lb-tf-wt-app",
            "name": "lb-rule",
            "probe_id": "/subscriptions/85ba23e3-1754-41e4-952c-b2d1c4e400a3/resourceGroups/rg-tf/providers/Microsoft.Network/loadBalancers/lb-tf-wt-app/probes/lb-health-probe-tf-wt-app",
            "protocol": "Tcp",
            "timeouts": null
          },
          "sensitive_attributes": [],
          "private": "eyJlMmJmYjczMC1lY2FhLTExZTYtOGY4OC0zNDM2M2JjN2M0YzAiOnsiY3JlYXRlIjoxODAwMDAwMDAwMDAwLCJkZWxldGUiOjE4MDAwMDAwMDAwMDAsInJlYWQiOjMwMDAwMDAwMDAwMCwidXBkYXRlIjoxODAwMDAwMDAwMDAwfX0=",
          "dependencies": [
            "azurerm_lb.tf",
            "azurerm_lb_backend_address_pool.tf",
            "azurerm_lb_probe.tf-lb-health-probe",
            "azurerm_public_ip.tf",
            "azurerm_resource_group.tf"
          ]
        }
      ]
    },
    {
      "mode": "managed",
      "type": "azurerm_linux_virtual_machine",
      "name": "tf",
      "provider": "provider[\"registry.terraform.io/hashicorp/azurerm\"]",
      "instances": [
        {
          "index_key": 0,
          "schema_version": 0,
          "attributes": {
            "additional_capabilities": [],
            "admin_password": "iW7GEFJjFFqXS0jl",
            "admin_ssh_key": [],
            "admin_username": "azureuser",
            "allow_extension_operations": true,
            "availability_set_id": "/subscriptions/85ba23e3-1754-41e4-952c-b2d1c4e400a3/resourceGroups/rg-tf/providers/Microsoft.Compute/availabilitySets/AVSET-TF-WT-APP",
            "boot_diagnostics": [],
            "computer_name": "vm-0-tf-wt-app",
            "custom_data": null,
            "dedicated_host_group_id": "",
            "dedicated_host_id": "",
            "disable_password_authentication": false,
            "edge_zone": "",
            "encryption_at_host_enabled": false,
            "eviction_policy": "",
            "extensions_time_budget": "PT1H30M",
            "id": "/subscriptions/85ba23e3-1754-41e4-952c-b2d1c4e400a3/resourceGroups/rg-tf/providers/Microsoft.Compute/virtualMachines/vm-0-tf-wt-app",
            "identity": [],
            "license_type": "",
            "location": "eastus",
            "max_bid_price": -1,
            "name": "vm-0-tf-wt-app",
            "network_interface_ids": [
              "/subscriptions/85ba23e3-1754-41e4-952c-b2d1c4e400a3/resourceGroups/rg-tf/providers/Microsoft.Network/networkInterfaces/app-vm-0-nic"
            ],
            "os_disk": [
              {
                "caching": "ReadWrite",
                "diff_disk_settings": [],
                "disk_encryption_set_id": "",
                "disk_size_gb": 30,
                "name": "app-vm-disk-0",
                "storage_account_type": "Standard_LRS",
                "write_accelerator_enabled": false
              }
            ],
            "patch_mode": "ImageDefault",
            "plan": [],
            "platform_fault_domain": -1,
            "priority": "Regular",
            "private_ip_address": "10.0.0.38",
            "private_ip_addresses": [
              "10.0.0.38"
            ],
            "provision_vm_agent": true,
            "proximity_placement_group_id": "",
            "public_ip_address": "",
            "public_ip_addresses": [],
            "resource_group_name": "rg-tf",
            "secret": [],
            "secure_boot_enabled": false,
            "size": "Standard_B1s",
            "source_image_id": "",
            "source_image_reference": [
              {
                "offer": "UbuntuServer",
                "publisher": "Canonical",
                "sku": "18.04-LTS",
                "version": "latest"
              }
            ],
            "tags": {},
            "termination_notification": [],
            "timeouts": null,
            "user_data": "",
            "virtual_machine_id": "592f144a-ab6f-4bd3-a78f-2fadd57d3f0a",
            "virtual_machine_scale_set_id": "",
            "vtpm_enabled": false,
            "zone": ""
          },
          "sensitive_attributes": [
            [
              {
                "type": "get_attr",
                "value": "admin_password"
              }
            ]
          ],
          "private": "eyJlMmJmYjczMC1lY2FhLTExZTYtOGY4OC0zNDM2M2JjN2M0YzAiOnsiY3JlYXRlIjoyNzAwMDAwMDAwMDAwLCJkZWxldGUiOjI3MDAwMDAwMDAwMDAsInJlYWQiOjMwMDAwMDAwMDAwMCwidXBkYXRlIjoyNzAwMDAwMDAwMDAwfX0=",
          "dependencies": [
            "azurerm_availability_set.avset-tf-wt",
            "azurerm_network_interface.tf-nic",
            "azurerm_resource_group.tf",
            "azurerm_subnet.tf-pulic-subnet",
            "azurerm_virtual_network.tf",
            "random_password.password"
          ]
        },
        {
          "index_key": 1,
          "schema_version": 0,
          "attributes": {
            "additional_capabilities": [],
            "admin_password": "iW7GEFJjFFqXS0jl",
            "admin_ssh_key": [],
            "admin_username": "azureuser",
            "allow_extension_operations": true,
            "availability_set_id": "/subscriptions/85ba23e3-1754-41e4-952c-b2d1c4e400a3/resourceGroups/rg-tf/providers/Microsoft.Compute/availabilitySets/AVSET-TF-WT-APP",
            "boot_diagnostics": [],
            "computer_name": "vm-1-tf-wt-app",
            "custom_data": null,
            "dedicated_host_group_id": "",
            "dedicated_host_id": "",
            "disable_password_authentication": false,
            "edge_zone": "",
            "encryption_at_host_enabled": false,
            "eviction_policy": "",
            "extensions_time_budget": "PT1H30M",
            "id": "/subscriptions/85ba23e3-1754-41e4-952c-b2d1c4e400a3/resourceGroups/rg-tf/providers/Microsoft.Compute/virtualMachines/vm-1-tf-wt-app",
            "identity": [],
            "license_type": "",
            "location": "eastus",
            "max_bid_price": -1,
            "name": "vm-1-tf-wt-app",
            "network_interface_ids": [
              "/subscriptions/85ba23e3-1754-41e4-952c-b2d1c4e400a3/resourceGroups/rg-tf/providers/Microsoft.Network/networkInterfaces/app-vm-1-nic"
            ],
            "os_disk": [
              {
                "caching": "ReadWrite",
                "diff_disk_settings": [],
                "disk_encryption_set_id": "",
                "disk_size_gb": 30,
                "name": "app-vm-disk-1",
                "storage_account_type": "Standard_LRS",
                "write_accelerator_enabled": false
              }
            ],
            "patch_mode": "ImageDefault",
            "plan": [],
            "platform_fault_domain": -1,
            "priority": "Regular",
            "private_ip_address": "10.0.0.37",
            "private_ip_addresses": [
              "10.0.0.37"
            ],
            "provision_vm_agent": true,
            "proximity_placement_group_id": "",
            "public_ip_address": "",
            "public_ip_addresses": [],
            "resource_group_name": "rg-tf",
            "secret": [],
            "secure_boot_enabled": false,
            "size": "Standard_B1s",
            "source_image_id": "",
            "source_image_reference": [
              {
                "offer": "UbuntuServer",
                "publisher": "Canonical",
                "sku": "18.04-LTS",
                "version": "latest"
              }
            ],
            "tags": {},
            "termination_notification": [],
            "timeouts": null,
            "user_data": "",
            "virtual_machine_id": "2e4f8e5c-9f5d-4cde-b5d9-c70a391d7bac",
            "virtual_machine_scale_set_id": "",
            "vtpm_enabled": false,
            "zone": ""
          },
          "sensitive_attributes": [
            [
              {
                "type": "get_attr",
                "value": "admin_password"
              }
            ]
          ],
          "private": "eyJlMmJmYjczMC1lY2FhLTExZTYtOGY4OC0zNDM2M2JjN2M0YzAiOnsiY3JlYXRlIjoyNzAwMDAwMDAwMDAwLCJkZWxldGUiOjI3MDAwMDAwMDAwMDAsInJlYWQiOjMwMDAwMDAwMDAwMCwidXBkYXRlIjoyNzAwMDAwMDAwMDAwfX0=",
          "dependencies": [
            "azurerm_availability_set.avset-tf-wt",
            "azurerm_network_interface.tf-nic",
            "azurerm_resource_group.tf",
            "azurerm_subnet.tf-pulic-subnet",
            "azurerm_virtual_network.tf",
            "random_password.password"
          ]
        },
        {
          "index_key": 2,
          "schema_version": 0,
          "attributes": {
            "additional_capabilities": [],
            "admin_password": "iW7GEFJjFFqXS0jl",
            "admin_ssh_key": [],
            "admin_username": "azureuser",
            "allow_extension_operations": true,
            "availability_set_id": "/subscriptions/85ba23e3-1754-41e4-952c-b2d1c4e400a3/resourceGroups/rg-tf/providers/Microsoft.Compute/availabilitySets/AVSET-TF-WT-APP",
            "boot_diagnostics": [],
            "computer_name": "vm-2-tf-wt-app",
            "custom_data": null,
            "dedicated_host_group_id": "",
            "dedicated_host_id": "",
            "disable_password_authentication": false,
            "edge_zone": "",
            "encryption_at_host_enabled": false,
            "eviction_policy": "",
            "extensions_time_budget": "PT1H30M",
            "id": "/subscriptions/85ba23e3-1754-41e4-952c-b2d1c4e400a3/resourceGroups/rg-tf/providers/Microsoft.Compute/virtualMachines/vm-2-tf-wt-app",
            "identity": [],
            "license_type": "",
            "location": "eastus",
            "max_bid_price": -1,
            "name": "vm-2-tf-wt-app",
            "network_interface_ids": [
              "/subscriptions/85ba23e3-1754-41e4-952c-b2d1c4e400a3/resourceGroups/rg-tf/providers/Microsoft.Network/networkInterfaces/app-vm-2-nic"
            ],
            "os_disk": [
              {
                "caching": "ReadWrite",
                "diff_disk_settings": [],
                "disk_encryption_set_id": "",
                "disk_size_gb": 30,
                "name": "app-vm-disk-2",
                "storage_account_type": "Standard_LRS",
                "write_accelerator_enabled": false
              }
            ],
            "patch_mode": "ImageDefault",
            "plan": [],
            "platform_fault_domain": -1,
            "priority": "Regular",
            "private_ip_address": "10.0.0.36",
            "private_ip_addresses": [
              "10.0.0.36"
            ],
            "provision_vm_agent": true,
            "proximity_placement_group_id": "",
            "public_ip_address": "",
            "public_ip_addresses": [],
            "resource_group_name": "rg-tf",
            "secret": [],
            "secure_boot_enabled": false,
            "size": "Standard_B1s",
            "source_image_id": "",
            "source_image_reference": [
              {
                "offer": "UbuntuServer",
                "publisher": "Canonical",
                "sku": "18.04-LTS",
                "version": "latest"
              }
            ],
            "tags": {},
            "termination_notification": [],
            "timeouts": null,
            "user_data": "",
            "virtual_machine_id": "5f9f298a-06f7-4efe-8e79-3b37afe2ea8a",
            "virtual_machine_scale_set_id": "",
            "vtpm_enabled": false,
            "zone": ""
          },
          "sensitive_attributes": [
            [
              {
                "type": "get_attr",
                "value": "admin_password"
              }
            ]
          ],
          "private": "eyJlMmJmYjczMC1lY2FhLTExZTYtOGY4OC0zNDM2M2JjN2M0YzAiOnsiY3JlYXRlIjoyNzAwMDAwMDAwMDAwLCJkZWxldGUiOjI3MDAwMDAwMDAwMDAsInJlYWQiOjMwMDAwMDAwMDAwMCwidXBkYXRlIjoyNzAwMDAwMDAwMDAwfX0=",
          "dependencies": [
            "azurerm_availability_set.avset-tf-wt",
            "azurerm_network_interface.tf-nic",
            "azurerm_resource_group.tf",
            "azurerm_subnet.tf-pulic-subnet",
            "azurerm_virtual_network.tf",
            "random_password.password"
          ]
        }
      ]
    },
    {
      "mode": "managed",
      "type": "azurerm_network_interface",
      "name": "tf-nic",
      "provider": "provider[\"registry.terraform.io/hashicorp/azurerm\"]",
      "instances": [
        {
          "index_key": 0,
          "schema_version": 0,
          "attributes": {
            "applied_dns_servers": [],
            "dns_servers": [],
            "edge_zone": "",
            "enable_accelerated_networking": false,
            "enable_ip_forwarding": false,
            "id": "/subscriptions/85ba23e3-1754-41e4-952c-b2d1c4e400a3/resourceGroups/rg-tf/providers/Microsoft.Network/networkInterfaces/app-vm-0-nic",
            "internal_dns_name_label": "",
            "internal_domain_name_suffix": "0jngb0htvmhulfdom4dvbxp5zf.bx.internal.cloudapp.net",
            "ip_configuration": [
              {
                "gateway_load_balancer_frontend_ip_configuration_id": "",
                "name": "app-vm-0-nic",
                "primary": true,
                "private_ip_address": "10.0.0.38",
                "private_ip_address_allocation": "Dynamic",
                "private_ip_address_version": "IPv4",
                "public_ip_address_id": "",
                "subnet_id": "/subscriptions/85ba23e3-1754-41e4-952c-b2d1c4e400a3/resourceGroups/rg-tf/providers/Microsoft.Network/virtualNetworks/vnet-tf/subnets/public-subnet"
              }
            ],
            "location": "eastus",
            "mac_address": "00-0D-3A-99-F9-38",
            "name": "app-vm-0-nic",
            "private_ip_address": "10.0.0.38",
            "private_ip_addresses": [
              "10.0.0.38"
            ],
            "resource_group_name": "rg-tf",
            "tags": {},
            "timeouts": null,
            "virtual_machine_id": "/subscriptions/85ba23e3-1754-41e4-952c-b2d1c4e400a3/resourceGroups/rg-tf/providers/Microsoft.Compute/virtualMachines/vm-0-tf-wt-app"
          },
          "sensitive_attributes": [],
          "private": "eyJlMmJmYjczMC1lY2FhLTExZTYtOGY4OC0zNDM2M2JjN2M0YzAiOnsiY3JlYXRlIjoxODAwMDAwMDAwMDAwLCJkZWxldGUiOjE4MDAwMDAwMDAwMDAsInJlYWQiOjMwMDAwMDAwMDAwMCwidXBkYXRlIjoxODAwMDAwMDAwMDAwfX0=",
          "dependencies": [
            "azurerm_resource_group.tf",
            "azurerm_subnet.tf-pulic-subnet",
            "azurerm_virtual_network.tf"
          ]
        },
        {
          "index_key": 1,
          "schema_version": 0,
          "attributes": {
            "applied_dns_servers": [],
            "dns_servers": [],
            "edge_zone": "",
            "enable_accelerated_networking": false,
            "enable_ip_forwarding": false,
            "id": "/subscriptions/85ba23e3-1754-41e4-952c-b2d1c4e400a3/resourceGroups/rg-tf/providers/Microsoft.Network/networkInterfaces/app-vm-1-nic",
            "internal_dns_name_label": "",
            "internal_domain_name_suffix": "0jngb0htvmhulfdom4dvbxp5zf.bx.internal.cloudapp.net",
            "ip_configuration": [
              {
                "gateway_load_balancer_frontend_ip_configuration_id": "",
                "name": "app-vm-1-nic",
                "primary": true,
                "private_ip_address": "10.0.0.37",
                "private_ip_address_allocation": "Dynamic",
                "private_ip_address_version": "IPv4",
                "public_ip_address_id": "",
                "subnet_id": "/subscriptions/85ba23e3-1754-41e4-952c-b2d1c4e400a3/resourceGroups/rg-tf/providers/Microsoft.Network/virtualNetworks/vnet-tf/subnets/public-subnet"
              }
            ],
            "location": "eastus",
            "mac_address": "00-0D-3A-9B-22-59",
            "name": "app-vm-1-nic",
            "private_ip_address": "10.0.0.37",
            "private_ip_addresses": [
              "10.0.0.37"
            ],
            "resource_group_name": "rg-tf",
            "tags": {},
            "timeouts": null,
            "virtual_machine_id": "/subscriptions/85ba23e3-1754-41e4-952c-b2d1c4e400a3/resourceGroups/rg-tf/providers/Microsoft.Compute/virtualMachines/vm-1-tf-wt-app"
          },
          "sensitive_attributes": [],
          "private": "eyJlMmJmYjczMC1lY2FhLTExZTYtOGY4OC0zNDM2M2JjN2M0YzAiOnsiY3JlYXRlIjoxODAwMDAwMDAwMDAwLCJkZWxldGUiOjE4MDAwMDAwMDAwMDAsInJlYWQiOjMwMDAwMDAwMDAwMCwidXBkYXRlIjoxODAwMDAwMDAwMDAwfX0=",
          "dependencies": [
            "azurerm_resource_group.tf",
            "azurerm_subnet.tf-pulic-subnet",
            "azurerm_virtual_network.tf"
          ]
        },
        {
          "index_key": 2,
          "schema_version": 0,
          "attributes": {
            "applied_dns_servers": [],
            "dns_servers": [],
            "edge_zone": "",
            "enable_accelerated_networking": false,
            "enable_ip_forwarding": false,
            "id": "/subscriptions/85ba23e3-1754-41e4-952c-b2d1c4e400a3/resourceGroups/rg-tf/providers/Microsoft.Network/networkInterfaces/app-vm-2-nic",
            "internal_dns_name_label": "",
            "internal_domain_name_suffix": "0jngb0htvmhulfdom4dvbxp5zf.bx.internal.cloudapp.net",
            "ip_configuration": [
              {
                "gateway_load_balancer_frontend_ip_configuration_id": "",
                "name": "app-vm-2-nic",
                "primary": true,
                "private_ip_address": "10.0.0.36",
                "private_ip_address_allocation": "Dynamic",
                "private_ip_address_version": "IPv4",
                "public_ip_address_id": "",
                "subnet_id": "/subscriptions/85ba23e3-1754-41e4-952c-b2d1c4e400a3/resourceGroups/rg-tf/providers/Microsoft.Network/virtualNetworks/vnet-tf/subnets/public-subnet"
              }
            ],
            "location": "eastus",
            "mac_address": "00-0D-3A-9B-28-CC",
            "name": "app-vm-2-nic",
            "private_ip_address": "10.0.0.36",
            "private_ip_addresses": [
              "10.0.0.36"
            ],
            "resource_group_name": "rg-tf",
            "tags": {},
            "timeouts": null,
            "virtual_machine_id": "/subscriptions/85ba23e3-1754-41e4-952c-b2d1c4e400a3/resourceGroups/rg-tf/providers/Microsoft.Compute/virtualMachines/vm-2-tf-wt-app"
          },
          "sensitive_attributes": [],
          "private": "eyJlMmJmYjczMC1lY2FhLTExZTYtOGY4OC0zNDM2M2JjN2M0YzAiOnsiY3JlYXRlIjoxODAwMDAwMDAwMDAwLCJkZWxldGUiOjE4MDAwMDAwMDAwMDAsInJlYWQiOjMwMDAwMDAwMDAwMCwidXBkYXRlIjoxODAwMDAwMDAwMDAwfX0=",
          "dependencies": [
            "azurerm_resource_group.tf",
            "azurerm_subnet.tf-pulic-subnet",
            "azurerm_virtual_network.tf"
          ]
        }
      ]
    },
    {
      "mode": "managed",
      "type": "azurerm_network_interface",
      "name": "tf-nic-postgres",
      "provider": "provider[\"registry.terraform.io/hashicorp/azurerm\"]",
      "instances": [
        {
          "schema_version": 0,
          "attributes": {
            "applied_dns_servers": [],
            "dns_servers": [],
            "edge_zone": "",
            "enable_accelerated_networking": false,
            "enable_ip_forwarding": false,
            "id": "/subscriptions/85ba23e3-1754-41e4-952c-b2d1c4e400a3/resourceGroups/rg-tf/providers/Microsoft.Network/networkInterfaces/app-vm-postgres-nic",
            "internal_dns_name_label": "",
            "internal_domain_name_suffix": "0jngb0htvmhulfdom4dvbxp5zf.bx.internal.cloudapp.net",
            "ip_configuration": [
              {
                "gateway_load_balancer_frontend_ip_configuration_id": "",
                "name": "app-vm-postgres-nic",
                "primary": true,
                "private_ip_address": "10.0.0.4",
                "private_ip_address_allocation": "Dynamic",
                "private_ip_address_version": "IPv4",
                "public_ip_address_id": "",
                "subnet_id": "/subscriptions/85ba23e3-1754-41e4-952c-b2d1c4e400a3/resourceGroups/rg-tf/providers/Microsoft.Network/virtualNetworks/vnet-tf/subnets/private-subnet"
              }
            ],
            "location": "eastus",
            "mac_address": "00-22-48-1F-EF-08",
            "name": "app-vm-postgres-nic",
            "private_ip_address": "10.0.0.4",
            "private_ip_addresses": [
              "10.0.0.4"
            ],
            "resource_group_name": "rg-tf",
            "tags": {},
            "timeouts": null,
            "virtual_machine_id": "/subscriptions/85ba23e3-1754-41e4-952c-b2d1c4e400a3/resourceGroups/rg-tf/providers/Microsoft.Compute/virtualMachines/vm-postgres"
          },
          "sensitive_attributes": [],
          "private": "eyJlMmJmYjczMC1lY2FhLTExZTYtOGY4OC0zNDM2M2JjN2M0YzAiOnsiY3JlYXRlIjoxODAwMDAwMDAwMDAwLCJkZWxldGUiOjE4MDAwMDAwMDAwMDAsInJlYWQiOjMwMDAwMDAwMDAwMCwidXBkYXRlIjoxODAwMDAwMDAwMDAwfX0=",
          "dependencies": [
            "azurerm_resource_group.tf",
            "azurerm_subnet.tf-private-subnet",
            "azurerm_virtual_network.tf"
          ]
        }
      ]
    },
    {
      "mode": "managed",
      "type": "azurerm_network_interface_nat_rule_association",
      "name": "tf-lb-nat-association",
      "provider": "provider[\"registry.terraform.io/hashicorp/azurerm\"]",
      "instances": [
        {
          "index_key": 0,
          "schema_version": 0,
          "attributes": {
            "id": "/subscriptions/85ba23e3-1754-41e4-952c-b2d1c4e400a3/resourceGroups/rg-tf/providers/Microsoft.Network/networkInterfaces/app-vm-0-nic/ipConfigurations/app-vm-0-nic|/subscriptions/85ba23e3-1754-41e4-952c-b2d1c4e400a3/resourceGroups/rg-tf/providers/Microsoft.Network/loadBalancers/lb-tf-wt-app/inboundNatRules/lb-nat-ssh-0",
            "ip_configuration_name": "app-vm-0-nic",
            "nat_rule_id": "/subscriptions/85ba23e3-1754-41e4-952c-b2d1c4e400a3/resourceGroups/rg-tf/providers/Microsoft.Network/loadBalancers/lb-tf-wt-app/inboundNatRules/lb-nat-ssh-0",
            "network_interface_id": "/subscriptions/85ba23e3-1754-41e4-952c-b2d1c4e400a3/resourceGroups/rg-tf/providers/Microsoft.Network/networkInterfaces/app-vm-0-nic",
            "timeouts": null
          },
          "sensitive_attributes": [],
          "private": "eyJlMmJmYjczMC1lY2FhLTExZTYtOGY4OC0zNDM2M2JjN2M0YzAiOnsiY3JlYXRlIjoxODAwMDAwMDAwMDAwLCJkZWxldGUiOjE4MDAwMDAwMDAwMDAsInJlYWQiOjMwMDAwMDAwMDAwMCwidXBkYXRlIjoxODAwMDAwMDAwMDAwfX0=",
          "dependencies": [
            "azurerm_lb.tf",
            "azurerm_lb_nat_rule.tf-lb-nat-rule",
            "azurerm_network_interface.tf-nic",
            "azurerm_public_ip.tf",
            "azurerm_resource_group.tf",
            "azurerm_subnet.tf-pulic-subnet",
            "azurerm_virtual_network.tf"
          ]
        },
        {
          "index_key": 1,
          "schema_version": 0,
          "attributes": {
            "id": "/subscriptions/85ba23e3-1754-41e4-952c-b2d1c4e400a3/resourceGroups/rg-tf/providers/Microsoft.Network/networkInterfaces/app-vm-1-nic/ipConfigurations/app-vm-1-nic|/subscriptions/85ba23e3-1754-41e4-952c-b2d1c4e400a3/resourceGroups/rg-tf/providers/Microsoft.Network/loadBalancers/lb-tf-wt-app/inboundNatRules/lb-nat-ssh-1",
            "ip_configuration_name": "app-vm-1-nic",
            "nat_rule_id": "/subscriptions/85ba23e3-1754-41e4-952c-b2d1c4e400a3/resourceGroups/rg-tf/providers/Microsoft.Network/loadBalancers/lb-tf-wt-app/inboundNatRules/lb-nat-ssh-1",
            "network_interface_id": "/subscriptions/85ba23e3-1754-41e4-952c-b2d1c4e400a3/resourceGroups/rg-tf/providers/Microsoft.Network/networkInterfaces/app-vm-1-nic",
            "timeouts": null
          },
          "sensitive_attributes": [],
          "private": "eyJlMmJmYjczMC1lY2FhLTExZTYtOGY4OC0zNDM2M2JjN2M0YzAiOnsiY3JlYXRlIjoxODAwMDAwMDAwMDAwLCJkZWxldGUiOjE4MDAwMDAwMDAwMDAsInJlYWQiOjMwMDAwMDAwMDAwMCwidXBkYXRlIjoxODAwMDAwMDAwMDAwfX0=",
          "dependencies": [
            "azurerm_lb.tf",
            "azurerm_lb_nat_rule.tf-lb-nat-rule",
            "azurerm_network_interface.tf-nic",
            "azurerm_public_ip.tf",
            "azurerm_resource_group.tf",
            "azurerm_subnet.tf-pulic-subnet",
            "azurerm_virtual_network.tf"
          ]
        },
        {
          "index_key": 2,
          "schema_version": 0,
          "attributes": {
            "id": "/subscriptions/85ba23e3-1754-41e4-952c-b2d1c4e400a3/resourceGroups/rg-tf/providers/Microsoft.Network/networkInterfaces/app-vm-2-nic/ipConfigurations/app-vm-2-nic|/subscriptions/85ba23e3-1754-41e4-952c-b2d1c4e400a3/resourceGroups/rg-tf/providers/Microsoft.Network/loadBalancers/lb-tf-wt-app/inboundNatRules/lb-nat-ssh-2",
            "ip_configuration_name": "app-vm-2-nic",
            "nat_rule_id": "/subscriptions/85ba23e3-1754-41e4-952c-b2d1c4e400a3/resourceGroups/rg-tf/providers/Microsoft.Network/loadBalancers/lb-tf-wt-app/inboundNatRules/lb-nat-ssh-2",
            "network_interface_id": "/subscriptions/85ba23e3-1754-41e4-952c-b2d1c4e400a3/resourceGroups/rg-tf/providers/Microsoft.Network/networkInterfaces/app-vm-2-nic",
            "timeouts": null
          },
          "sensitive_attributes": [],
          "private": "eyJlMmJmYjczMC1lY2FhLTExZTYtOGY4OC0zNDM2M2JjN2M0YzAiOnsiY3JlYXRlIjoxODAwMDAwMDAwMDAwLCJkZWxldGUiOjE4MDAwMDAwMDAwMDAsInJlYWQiOjMwMDAwMDAwMDAwMCwidXBkYXRlIjoxODAwMDAwMDAwMDAwfX0=",
          "dependencies": [
            "azurerm_lb.tf",
            "azurerm_lb_nat_rule.tf-lb-nat-rule",
            "azurerm_network_interface.tf-nic",
            "azurerm_public_ip.tf",
            "azurerm_resource_group.tf",
            "azurerm_subnet.tf-pulic-subnet",
            "azurerm_virtual_network.tf"
          ]
        }
      ]
    },
    {
      "mode": "managed",
      "type": "azurerm_network_security_group",
      "name": "tf-private-nsg",
      "provider": "provider[\"registry.terraform.io/hashicorp/azurerm\"]",
      "instances": [
        {
          "schema_version": 0,
          "attributes": {
            "id": "/subscriptions/85ba23e3-1754-41e4-952c-b2d1c4e400a3/resourceGroups/rg-tf/providers/Microsoft.Network/networkSecurityGroups/private-nsg",
            "location": "eastus",
            "name": "private-nsg",
            "resource_group_name": "rg-tf",
            "security_rule": [
              {
                "access": "Allow",
                "description": "AllowPostgres",
                "destination_address_prefix": "*",
                "destination_address_prefixes": [],
                "destination_application_security_group_ids": [],
                "destination_port_range": "5432",
                "destination_port_ranges": [],
                "direction": "Inbound",
                "name": "AllowPostgresInBound",
                "priority": 120,
                "protocol": "Tcp",
                "source_address_prefix": "10.0.0.32/27",
                "source_address_prefixes": [],
                "source_application_security_group_ids": [],
                "source_port_range": "*",
                "source_port_ranges": []
              },
              {
                "access": "Allow",
                "description": "AllowSSH",
                "destination_address_prefix": "*",
                "destination_address_prefixes": [],
                "destination_application_security_group_ids": [],
                "destination_port_range": "22",
                "destination_port_ranges": [],
                "direction": "Inbound",
                "name": "AllowSSHInBound",
                "priority": 110,
                "protocol": "Tcp",
                "source_address_prefix": "10.0.0.32/27",
                "source_address_prefixes": [],
                "source_application_security_group_ids": [],
                "source_port_range": "*",
                "source_port_ranges": []
              },
              {
                "access": "Deny",
                "description": "Deny all ports",
                "destination_address_prefix": "*",
                "destination_address_prefixes": [],
                "destination_application_security_group_ids": [],
                "destination_port_range": "*",
                "destination_port_ranges": [],
                "direction": "Inbound",
                "name": "DenyAll",
                "priority": 500,
                "protocol": "*",
                "source_address_prefix": "*",
                "source_address_prefixes": [],
                "source_application_security_group_ids": [],
                "source_port_range": "*",
                "source_port_ranges": []
              }
            ],
            "tags": {},
            "timeouts": null
          },
          "sensitive_attributes": [],
          "private": "eyJlMmJmYjczMC1lY2FhLTExZTYtOGY4OC0zNDM2M2JjN2M0YzAiOnsiY3JlYXRlIjoxODAwMDAwMDAwMDAwLCJkZWxldGUiOjE4MDAwMDAwMDAwMDAsInJlYWQiOjMwMDAwMDAwMDAwMCwidXBkYXRlIjoxODAwMDAwMDAwMDAwfX0=",
          "dependencies": [
            "azurerm_resource_group.tf"
          ]
        }
      ]
    },
    {
      "mode": "managed",
      "type": "azurerm_network_security_group",
      "name": "tf-public-nsg",
      "provider": "provider[\"registry.terraform.io/hashicorp/azurerm\"]",
      "instances": [
        {
          "schema_version": 0,
          "attributes": {
            "id": "/subscriptions/85ba23e3-1754-41e4-952c-b2d1c4e400a3/resourceGroups/rg-tf/providers/Microsoft.Network/networkSecurityGroups/public-nsg",
            "location": "eastus",
            "name": "public-nsg",
            "resource_group_name": "rg-tf",
            "security_rule": [
              {
                "access": "Allow",
                "description": "AllowSSH",
                "destination_address_prefix": "*",
                "destination_address_prefixes": [],
                "destination_application_security_group_ids": [],
                "destination_port_range": "22",
                "destination_port_ranges": [],
                "direction": "Inbound",
                "name": "AllowSSHInBound",
                "priority": 110,
                "protocol": "Tcp",
                "source_address_prefix": "*",
                "source_address_prefixes": [],
                "source_application_security_group_ids": [],
                "source_port_range": "*",
                "source_port_ranges": []
              },
              {
                "access": "Allow",
                "description": "AllowWebapp",
                "destination_address_prefix": "*",
                "destination_address_prefixes": [],
                "destination_application_security_group_ids": [],
                "destination_port_range": "8080",
                "destination_port_ranges": [],
                "direction": "Inbound",
                "name": "AllowWebAppInBound",
                "priority": 100,
                "protocol": "Tcp",
                "source_address_prefix": "*",
                "source_address_prefixes": [],
                "source_application_security_group_ids": [],
                "source_port_range": "*",
                "source_port_ranges": []
              },
              {
                "access": "Deny",
                "description": "Deny all ports",
                "destination_address_prefix": "*",
                "destination_address_prefixes": [],
                "destination_application_security_group_ids": [],
                "destination_port_range": "*",
                "destination_port_ranges": [],
                "direction": "Inbound",
                "name": "DenyAll",
                "priority": 510,
                "protocol": "*",
                "source_address_prefix": "*",
                "source_address_prefixes": [],
                "source_application_security_group_ids": [],
                "source_port_range": "*",
                "source_port_ranges": []
              }
            ],
            "tags": {},
            "timeouts": null
          },
          "sensitive_attributes": [],
          "private": "eyJlMmJmYjczMC1lY2FhLTExZTYtOGY4OC0zNDM2M2JjN2M0YzAiOnsiY3JlYXRlIjoxODAwMDAwMDAwMDAwLCJkZWxldGUiOjE4MDAwMDAwMDAwMDAsInJlYWQiOjMwMDAwMDAwMDAwMCwidXBkYXRlIjoxODAwMDAwMDAwMDAwfX0=",
          "dependencies": [
            "azurerm_resource_group.tf"
          ]
        }
      ]
    },
    {
      "mode": "managed",
      "type": "azurerm_postgresql_flexible_server",
      "name": "tf-pg-flex-server",
      "provider": "provider[\"registry.terraform.io/hashicorp/azurerm\"]",
      "instances": [
        {
          "schema_version": 0,
          "attributes": {
            "administrator_login": "pgadmin",
            "administrator_password": "postTHEgres!@#",
            "backup_retention_days": 7,
            "create_mode": null,
            "delegated_subnet_id": "/subscriptions/85ba23e3-1754-41e4-952c-b2d1c4e400a3/resourceGroups/rg-tf/providers/Microsoft.Network/virtualNetworks/vnet-tf/subnets/postgres-subnet",
            "fqdn": "pg-server-tf-wt-app.postgres.database.azure.com",
            "geo_redundant_backup_enabled": false,
            "high_availability": [],
            "id": "/subscriptions/85ba23e3-1754-41e4-952c-b2d1c4e400a3/resourceGroups/rg-tf/providers/Microsoft.DBforPostgreSQL/flexibleServers/pg-server-tf-wt-app",
            "location": "eastus",
            "maintenance_window": [],
            "name": "pg-server-tf-wt-app",
            "point_in_time_restore_time_in_utc": null,
            "private_dns_zone_id": "/subscriptions/85ba23e3-1754-41e4-952c-b2d1c4e400a3/resourceGroups/rg-tf/providers/Microsoft.Network/privateDnsZones/example.postgres.database.azure.com",
            "public_network_access_enabled": false,
            "resource_group_name": "rg-tf",
            "sku_name": "B_Standard_B1ms",
            "source_server_id": null,
            "storage_mb": 32768,
            "tags": {},
            "timeouts": null,
            "version": "12",
            "zone": "1"
          },
          "sensitive_attributes": [
            [
              {
                "type": "get_attr",
                "value": "administrator_password"
              }
            ],
            [
              {
                "type": "get_attr",
                "value": "administrator_login"
              }
            ]
          ],
          "private": "eyJlMmJmYjczMC1lY2FhLTExZTYtOGY4OC0zNDM2M2JjN2M0YzAiOnsiY3JlYXRlIjozNjAwMDAwMDAwMDAwLCJkZWxldGUiOjM2MDAwMDAwMDAwMDAsInJlYWQiOjMwMDAwMDAwMDAwMCwidXBkYXRlIjozNjAwMDAwMDAwMDAwfX0=",
          "dependencies": [
            "azurerm_private_dns_zone.tf-postgres",
            "azurerm_private_dns_zone_virtual_network_link.tf-postgres",
            "azurerm_resource_group.tf",
            "azurerm_subnet.tf-postgres-subnet",
            "azurerm_virtual_network.tf"
          ]
        }
      ]
    },
    {
      "mode": "managed",
      "type": "azurerm_private_dns_zone",
      "name": "tf-postgres",
      "provider": "provider[\"registry.terraform.io/hashicorp/azurerm\"]",
      "instances": [
        {
          "schema_version": 0,
          "attributes": {
            "id": "/subscriptions/85ba23e3-1754-41e4-952c-b2d1c4e400a3/resourceGroups/rg-tf/providers/Microsoft.Network/privateDnsZones/example.postgres.database.azure.com",
            "max_number_of_record_sets": 25000,
            "max_number_of_virtual_network_links": 1000,
            "max_number_of_virtual_network_links_with_registration": 100,
            "name": "example.postgres.database.azure.com",
            "number_of_record_sets": 2,
            "resource_group_name": "rg-tf",
            "soa_record": [
              {
                "email": "azureprivatedns-host.microsoft.com",
                "expire_time": 2419200,
                "fqdn": "example.postgres.database.azure.com.",
                "host_name": "azureprivatedns.net",
                "minimum_ttl": 10,
                "refresh_time": 3600,
                "retry_time": 300,
                "serial_number": 1,
                "tags": {},
                "ttl": 3600
              }
            ],
            "tags": {},
            "timeouts": null
          },
          "sensitive_attributes": [],
          "private": "eyJlMmJmYjczMC1lY2FhLTExZTYtOGY4OC0zNDM2M2JjN2M0YzAiOnsiY3JlYXRlIjoxODAwMDAwMDAwMDAwLCJkZWxldGUiOjE4MDAwMDAwMDAwMDAsInJlYWQiOjMwMDAwMDAwMDAwMCwidXBkYXRlIjoxODAwMDAwMDAwMDAwfX0=",
          "dependencies": [
            "azurerm_resource_group.tf"
          ]
        }
      ]
    },
    {
      "mode": "managed",
      "type": "azurerm_private_dns_zone_virtual_network_link",
      "name": "tf-postgres",
      "provider": "provider[\"registry.terraform.io/hashicorp/azurerm\"]",
      "instances": [
        {
          "schema_version": 0,
          "attributes": {
            "id": "/subscriptions/85ba23e3-1754-41e4-952c-b2d1c4e400a3/resourceGroups/rg-tf/providers/Microsoft.Network/privateDnsZones/example.postgres.database.azure.com/virtualNetworkLinks/postgres-pvt-dns-zone-vnet-link",
            "name": "postgres-pvt-dns-zone-vnet-link",
            "private_dns_zone_name": "example.postgres.database.azure.com",
            "registration_enabled": false,
            "resource_group_name": "rg-tf",
            "tags": {},
            "timeouts": null,
            "virtual_network_id": "/subscriptions/85ba23e3-1754-41e4-952c-b2d1c4e400a3/resourceGroups/rg-tf/providers/Microsoft.Network/virtualNetworks/vnet-tf"
          },
          "sensitive_attributes": [],
          "private": "eyJlMmJmYjczMC1lY2FhLTExZTYtOGY4OC0zNDM2M2JjN2M0YzAiOnsiY3JlYXRlIjoxODAwMDAwMDAwMDAwLCJkZWxldGUiOjE4MDAwMDAwMDAwMDAsInJlYWQiOjMwMDAwMDAwMDAwMCwidXBkYXRlIjoxODAwMDAwMDAwMDAwfX0=",
          "dependencies": [
            "azurerm_private_dns_zone.tf-postgres",
            "azurerm_resource_group.tf",
            "azurerm_virtual_network.tf"
          ]
        }
      ]
    },
    {
      "mode": "managed",
      "type": "azurerm_public_ip",
      "name": "tf",
      "provider": "provider[\"registry.terraform.io/hashicorp/azurerm\"]",
      "instances": [
        {
          "schema_version": 0,
          "attributes": {
            "allocation_method": "Static",
            "domain_name_label": null,
            "edge_zone": "",
            "fqdn": null,
            "id": "/subscriptions/85ba23e3-1754-41e4-952c-b2d1c4e400a3/resourceGroups/rg-tf/providers/Microsoft.Network/publicIPAddresses/lb-public-ip",
            "idle_timeout_in_minutes": 4,
            "ip_address": "20.124.124.137",
            "ip_tags": {},
            "ip_version": "IPv4",
            "location": "eastus",
            "name": "lb-public-ip",
            "public_ip_prefix_id": null,
            "resource_group_name": "rg-tf",
            "reverse_fqdn": null,
            "sku": "Standard",
            "sku_tier": "Regional",
            "tags": {},
            "timeouts": null,
            "zones": []
          },
          "sensitive_attributes": [],
          "private": "eyJlMmJmYjczMC1lY2FhLTExZTYtOGY4OC0zNDM2M2JjN2M0YzAiOnsiY3JlYXRlIjoxODAwMDAwMDAwMDAwLCJkZWxldGUiOjE4MDAwMDAwMDAwMDAsInJlYWQiOjMwMDAwMDAwMDAwMCwidXBkYXRlIjoxODAwMDAwMDAwMDAwfX0=",
          "dependencies": [
            "azurerm_resource_group.tf"
          ]
        }
      ]
    },
    {
      "mode": "managed",
      "type": "azurerm_resource_group",
      "name": "rg-tfstorage",
      "provider": "provider[\"registry.terraform.io/hashicorp/azurerm\"]",
      "instances": [
        {
          "schema_version": 0,
          "attributes": {
            "id": "/subscriptions/85ba23e3-1754-41e4-952c-b2d1c4e400a3/resourceGroups/rg-tfstorage",
            "location": "eastus",
            "name": "rg-tfstorage",
            "tags": null,
            "timeouts": null
          },
          "sensitive_attributes": [],
          "private": "eyJlMmJmYjczMC1lY2FhLTExZTYtOGY4OC0zNDM2M2JjN2M0YzAiOnsiY3JlYXRlIjo1NDAwMDAwMDAwMDAwLCJkZWxldGUiOjU0MDAwMDAwMDAwMDAsInJlYWQiOjMwMDAwMDAwMDAwMCwidXBkYXRlIjo1NDAwMDAwMDAwMDAwfX0="
        }
      ]
    },
    {
      "mode": "managed",
      "type": "azurerm_resource_group",
      "name": "tf",
      "provider": "provider[\"registry.terraform.io/hashicorp/azurerm\"]",
      "instances": [
        {
          "schema_version": 0,
          "attributes": {
            "id": "/subscriptions/85ba23e3-1754-41e4-952c-b2d1c4e400a3/resourceGroups/rg-tf",
            "location": "eastus",
            "name": "rg-tf",
            "tags": {
              "key": "rg-weight-tracker"
            },
            "timeouts": null
          },
          "sensitive_attributes": [],
          "private": "eyJlMmJmYjczMC1lY2FhLTExZTYtOGY4OC0zNDM2M2JjN2M0YzAiOnsiY3JlYXRlIjo1NDAwMDAwMDAwMDAwLCJkZWxldGUiOjU0MDAwMDAwMDAwMDAsInJlYWQiOjMwMDAwMDAwMDAwMCwidXBkYXRlIjo1NDAwMDAwMDAwMDAwfX0="
        }
      ]
    },
    {
      "mode": "managed",
      "type": "azurerm_storage_account",
      "name": "storage-account-tfstate",
      "provider": "provider[\"registry.terraform.io/hashicorp/azurerm\"]",
      "instances": [
        {
          "schema_version": 3,
          "attributes": {
            "access_tier": "Hot",
            "account_kind": "StorageV2",
            "account_replication_type": "LRS",
            "account_tier": "Standard",
            "allow_nested_items_to_be_public": true,
            "azure_files_authentication": [],
            "blob_properties": [
              {
                "change_feed_enabled": false,
                "container_delete_retention_policy": [],
                "cors_rule": [],
                "default_service_version": "",
                "delete_retention_policy": [],
                "last_access_time_enabled": false,
                "versioning_enabled": false
              }
            ],
            "custom_domain": [],
            "customer_managed_key": [],
            "edge_zone": "",
            "enable_https_traffic_only": true,
            "id": "/subscriptions/85ba23e3-1754-41e4-952c-b2d1c4e400a3/resourceGroups/rg-tfstorage/providers/Microsoft.Storage/storageAccounts/tfbootcampstorageaccount",
            "identity": [],
            "infrastructure_encryption_enabled": false,
            "is_hns_enabled": false,
            "large_file_share_enabled": null,
            "location": "eastus",
            "min_tls_version": "TLS1_2",
            "name": "tfbootcampstorageaccount",
            "network_rules": [
              {
                "bypass": [
                  "AzureServices"
                ],
                "default_action": "Allow",
                "ip_rules": [],
                "private_link_access": [],
                "virtual_network_subnet_ids": []
              }
            ],
            "nfsv3_enabled": false,
            "primary_access_key": "5to4ujj2Qp+awZUrxEDmNEUYnrwnCeiYUbbXFLOr1O5FwgYyGAiTmZ17SECYa85IMibGdGniBGPs+AStMZ+31g==",
            "primary_blob_connection_string": "DefaultEndpointsProtocol=https;BlobEndpoint=https://tfbootcampstorageaccount.blob.core.windows.net/;AccountName=tfbootcampstorageaccount;AccountKey=5to4ujj2Qp+awZUrxEDmNEUYnrwnCeiYUbbXFLOr1O5FwgYyGAiTmZ17SECYa85IMibGdGniBGPs+AStMZ+31g==",
            "primary_blob_endpoint": "https://tfbootcampstorageaccount.blob.core.windows.net/",
            "primary_blob_host": "tfbootcampstorageaccount.blob.core.windows.net",
            "primary_connection_string": "DefaultEndpointsProtocol=https;AccountName=tfbootcampstorageaccount;AccountKey=5to4ujj2Qp+awZUrxEDmNEUYnrwnCeiYUbbXFLOr1O5FwgYyGAiTmZ17SECYa85IMibGdGniBGPs+AStMZ+31g==;EndpointSuffix=core.windows.net",
            "primary_dfs_endpoint": "https://tfbootcampstorageaccount.dfs.core.windows.net/",
            "primary_dfs_host": "tfbootcampstorageaccount.dfs.core.windows.net",
            "primary_file_endpoint": "https://tfbootcampstorageaccount.file.core.windows.net/",
            "primary_file_host": "tfbootcampstorageaccount.file.core.windows.net",
            "primary_location": "eastus",
            "primary_queue_endpoint": "https://tfbootcampstorageaccount.queue.core.windows.net/",
            "primary_queue_host": "tfbootcampstorageaccount.queue.core.windows.net",
            "primary_table_endpoint": "https://tfbootcampstorageaccount.table.core.windows.net/",
            "primary_table_host": "tfbootcampstorageaccount.table.core.windows.net",
            "primary_web_endpoint": "https://tfbootcampstorageaccount.z13.web.core.windows.net/",
            "primary_web_host": "tfbootcampstorageaccount.z13.web.core.windows.net",
            "queue_encryption_key_type": "Service",
            "queue_properties": [
              {
                "cors_rule": [],
                "hour_metrics": [
                  {
                    "enabled": true,
                    "include_apis": true,
                    "retention_policy_days": 7,
                    "version": "1.0"
                  }
                ],
                "logging": [
                  {
                    "delete": false,
                    "read": false,
                    "retention_policy_days": 0,
                    "version": "1.0",
                    "write": false
                  }
                ],
                "minute_metrics": [
                  {
                    "enabled": false,
                    "include_apis": false,
                    "retention_policy_days": 0,
                    "version": "1.0"
                  }
                ]
              }
            ],
            "resource_group_name": "rg-tfstorage",
            "routing": [],
            "secondary_access_key": "94+GkFSr67zCH7J5fpdn+A1KhSJh81jtgS0+XxoxNZVjenuQ+gY9fPLZy5vnMde2VLDhkxgnUswR+AStsiiqCg==",
            "secondary_blob_connection_string": "",
            "secondary_blob_endpoint": null,
            "secondary_blob_host": null,
            "secondary_connection_string": "DefaultEndpointsProtocol=https;AccountName=tfbootcampstorageaccount;AccountKey=94+GkFSr67zCH7J5fpdn+A1KhSJh81jtgS0+XxoxNZVjenuQ+gY9fPLZy5vnMde2VLDhkxgnUswR+AStsiiqCg==;EndpointSuffix=core.windows.net",
            "secondary_dfs_endpoint": null,
            "secondary_dfs_host": null,
            "secondary_file_endpoint": null,
            "secondary_file_host": null,
            "secondary_location": "",
            "secondary_queue_endpoint": null,
            "secondary_queue_host": null,
            "secondary_table_endpoint": null,
            "secondary_table_host": null,
            "secondary_web_endpoint": null,
            "secondary_web_host": null,
            "share_properties": [
              {
                "cors_rule": [],
                "retention_policy": [
                  {
                    "days": 7
                  }
                ],
                "smb": []
              }
            ],
            "shared_access_key_enabled": true,
            "static_website": [],
            "table_encryption_key_type": "Service",
            "tags": {
              "environment": "staging"
            },
            "timeouts": null
          },
          "sensitive_attributes": [],
          "private": "eyJlMmJmYjczMC1lY2FhLTExZTYtOGY4OC0zNDM2M2JjN2M0YzAiOnsiY3JlYXRlIjozNjAwMDAwMDAwMDAwLCJkZWxldGUiOjM2MDAwMDAwMDAwMDAsInJlYWQiOjMwMDAwMDAwMDAwMCwidXBkYXRlIjozNjAwMDAwMDAwMDAwfSwic2NoZW1hX3ZlcnNpb24iOiIzIn0=",
          "dependencies": [
            "azurerm_resource_group.rg-tfstorage"
          ]
        }
      ]
    },
    {
      "mode": "managed",
      "type": "azurerm_storage_container",
      "name": "tfstoragecontainer",
      "provider": "provider[\"registry.terraform.io/hashicorp/azurerm\"]",
      "instances": [
        {
          "schema_version": 1,
          "attributes": {
            "container_access_type": "blob",
            "has_immutability_policy": false,
            "has_legal_hold": false,
            "id": "https://tfbootcampstorageaccount.blob.core.windows.net/tfstoragecontainer",
            "metadata": {},
            "name": "tfstoragecontainer",
            "resource_manager_id": "/subscriptions/85ba23e3-1754-41e4-952c-b2d1c4e400a3/resourceGroups/rg-tfstorage/providers/Microsoft.Storage/storageAccounts/tfbootcampstorageaccount/blobServices/default/containers/tfstoragecontainer",
            "storage_account_name": "tfbootcampstorageaccount",
            "timeouts": null
          },
          "sensitive_attributes": [],
          "private": "eyJlMmJmYjczMC1lY2FhLTExZTYtOGY4OC0zNDM2M2JjN2M0YzAiOnsiY3JlYXRlIjoxODAwMDAwMDAwMDAwLCJkZWxldGUiOjE4MDAwMDAwMDAwMDAsInJlYWQiOjMwMDAwMDAwMDAwMCwidXBkYXRlIjoxODAwMDAwMDAwMDAwfSwic2NoZW1hX3ZlcnNpb24iOiIxIn0=",
          "dependencies": [
            "azurerm_resource_group.rg-tfstorage",
            "azurerm_storage_account.storage-account-tfstate"
          ]
        }
      ]
    },
    {
      "mode": "managed",
      "type": "azurerm_subnet",
      "name": "tf-postgres-subnet",
      "provider": "provider[\"registry.terraform.io/hashicorp/azurerm\"]",
      "instances": [
        {
          "schema_version": 0,
          "attributes": {
            "address_prefixes": [
              "10.0.0.64/28"
            ],
            "delegation": [
              {
                "name": "fs",
                "service_delegation": [
                  {
                    "actions": [
                      "Microsoft.Network/virtualNetworks/subnets/join/action"
                    ],
                    "name": "Microsoft.DBforPostgreSQL/flexibleServers"
                  }
                ]
              }
            ],
            "enforce_private_link_endpoint_network_policies": false,
            "enforce_private_link_service_network_policies": false,
            "id": "/subscriptions/85ba23e3-1754-41e4-952c-b2d1c4e400a3/resourceGroups/rg-tf/providers/Microsoft.Network/virtualNetworks/vnet-tf/subnets/postgres-subnet",
            "name": "postgres-subnet",
            "resource_group_name": "rg-tf",
            "service_endpoint_policy_ids": [],
            "service_endpoints": [
              "Microsoft.Storage"
            ],
            "timeouts": null,
            "virtual_network_name": "vnet-tf"
          },
          "sensitive_attributes": [],
          "private": "eyJlMmJmYjczMC1lY2FhLTExZTYtOGY4OC0zNDM2M2JjN2M0YzAiOnsiY3JlYXRlIjoxODAwMDAwMDAwMDAwLCJkZWxldGUiOjE4MDAwMDAwMDAwMDAsInJlYWQiOjMwMDAwMDAwMDAwMCwidXBkYXRlIjoxODAwMDAwMDAwMDAwfX0=",
          "dependencies": [
            "azurerm_resource_group.tf",
            "azurerm_virtual_network.tf"
          ]
        }
      ]
    },
    {
      "mode": "managed",
      "type": "azurerm_subnet",
      "name": "tf-private-subnet",
      "provider": "provider[\"registry.terraform.io/hashicorp/azurerm\"]",
      "instances": [
        {
          "schema_version": 0,
          "attributes": {
            "address_prefixes": [
              "10.0.0.0/27"
            ],
            "delegation": [],
            "enforce_private_link_endpoint_network_policies": false,
            "enforce_private_link_service_network_policies": false,
            "id": "/subscriptions/85ba23e3-1754-41e4-952c-b2d1c4e400a3/resourceGroups/rg-tf/providers/Microsoft.Network/virtualNetworks/vnet-tf/subnets/private-subnet",
            "name": "private-subnet",
            "resource_group_name": "rg-tf",
            "service_endpoint_policy_ids": [],
            "service_endpoints": [],
            "timeouts": null,
            "virtual_network_name": "vnet-tf"
          },
          "sensitive_attributes": [],
          "private": "eyJlMmJmYjczMC1lY2FhLTExZTYtOGY4OC0zNDM2M2JjN2M0YzAiOnsiY3JlYXRlIjoxODAwMDAwMDAwMDAwLCJkZWxldGUiOjE4MDAwMDAwMDAwMDAsInJlYWQiOjMwMDAwMDAwMDAwMCwidXBkYXRlIjoxODAwMDAwMDAwMDAwfX0=",
          "dependencies": [
            "azurerm_resource_group.tf",
            "azurerm_virtual_network.tf"
          ]
        }
      ]
    },
    {
      "mode": "managed",
      "type": "azurerm_subnet",
      "name": "tf-pulic-subnet",
      "provider": "provider[\"registry.terraform.io/hashicorp/azurerm\"]",
      "instances": [
        {
          "schema_version": 0,
          "attributes": {
            "address_prefixes": [
              "10.0.0.32/27"
            ],
            "delegation": [],
            "enforce_private_link_endpoint_network_policies": false,
            "enforce_private_link_service_network_policies": false,
            "id": "/subscriptions/85ba23e3-1754-41e4-952c-b2d1c4e400a3/resourceGroups/rg-tf/providers/Microsoft.Network/virtualNetworks/vnet-tf/subnets/public-subnet",
            "name": "public-subnet",
            "resource_group_name": "rg-tf",
            "service_endpoint_policy_ids": [],
            "service_endpoints": [],
            "timeouts": null,
            "virtual_network_name": "vnet-tf"
          },
          "sensitive_attributes": [],
          "private": "eyJlMmJmYjczMC1lY2FhLTExZTYtOGY4OC0zNDM2M2JjN2M0YzAiOnsiY3JlYXRlIjoxODAwMDAwMDAwMDAwLCJkZWxldGUiOjE4MDAwMDAwMDAwMDAsInJlYWQiOjMwMDAwMDAwMDAwMCwidXBkYXRlIjoxODAwMDAwMDAwMDAwfX0=",
          "dependencies": [
            "azurerm_resource_group.tf",
            "azurerm_virtual_network.tf"
          ]
        }
      ]
    },
    {
      "mode": "managed",
      "type": "azurerm_subnet_network_security_group_association",
      "name": "tf-private-nsg-association",
      "provider": "provider[\"registry.terraform.io/hashicorp/azurerm\"]",
      "instances": [
        {
          "schema_version": 0,
          "attributes": {
            "id": "/subscriptions/85ba23e3-1754-41e4-952c-b2d1c4e400a3/resourceGroups/rg-tf/providers/Microsoft.Network/virtualNetworks/vnet-tf/subnets/private-subnet",
            "network_security_group_id": "/subscriptions/85ba23e3-1754-41e4-952c-b2d1c4e400a3/resourceGroups/rg-tf/providers/Microsoft.Network/networkSecurityGroups/private-nsg",
            "subnet_id": "/subscriptions/85ba23e3-1754-41e4-952c-b2d1c4e400a3/resourceGroups/rg-tf/providers/Microsoft.Network/virtualNetworks/vnet-tf/subnets/private-subnet",
            "timeouts": null
          },
          "sensitive_attributes": [],
          "private": "eyJlMmJmYjczMC1lY2FhLTExZTYtOGY4OC0zNDM2M2JjN2M0YzAiOnsiY3JlYXRlIjoxODAwMDAwMDAwMDAwLCJkZWxldGUiOjE4MDAwMDAwMDAwMDAsInJlYWQiOjMwMDAwMDAwMDAwMCwidXBkYXRlIjoxODAwMDAwMDAwMDAwfX0=",
          "dependencies": [
            "azurerm_network_security_group.tf-private-nsg",
            "azurerm_resource_group.tf",
            "azurerm_subnet.tf-private-subnet",
            "azurerm_virtual_network.tf"
          ]
        }
      ]
    },
    {
      "mode": "managed",
      "type": "azurerm_subnet_network_security_group_association",
      "name": "tf-public-nsg-association",
      "provider": "provider[\"registry.terraform.io/hashicorp/azurerm\"]",
      "instances": [
        {
          "schema_version": 0,
          "attributes": {
            "id": "/subscriptions/85ba23e3-1754-41e4-952c-b2d1c4e400a3/resourceGroups/rg-tf/providers/Microsoft.Network/virtualNetworks/vnet-tf/subnets/public-subnet",
            "network_security_group_id": "/subscriptions/85ba23e3-1754-41e4-952c-b2d1c4e400a3/resourceGroups/rg-tf/providers/Microsoft.Network/networkSecurityGroups/public-nsg",
            "subnet_id": "/subscriptions/85ba23e3-1754-41e4-952c-b2d1c4e400a3/resourceGroups/rg-tf/providers/Microsoft.Network/virtualNetworks/vnet-tf/subnets/public-subnet",
            "timeouts": null
          },
          "sensitive_attributes": [],
          "private": "eyJlMmJmYjczMC1lY2FhLTExZTYtOGY4OC0zNDM2M2JjN2M0YzAiOnsiY3JlYXRlIjoxODAwMDAwMDAwMDAwLCJkZWxldGUiOjE4MDAwMDAwMDAwMDAsInJlYWQiOjMwMDAwMDAwMDAwMCwidXBkYXRlIjoxODAwMDAwMDAwMDAwfX0=",
          "dependencies": [
            "azurerm_network_security_group.tf-public-nsg",
            "azurerm_resource_group.tf",
            "azurerm_subnet.tf-pulic-subnet",
            "azurerm_virtual_network.tf"
          ]
        }
      ]
    },
    {
      "mode": "managed",
      "type": "azurerm_virtual_machine",
      "name": "tf-postgres",
      "provider": "provider[\"registry.terraform.io/hashicorp/azurerm\"]",
      "instances": [
        {
          "schema_version": 0,
          "attributes": {
            "additional_capabilities": [],
            "availability_set_id": null,
            "boot_diagnostics": [],
            "delete_data_disks_on_termination": false,
            "delete_os_disk_on_termination": true,
            "id": "/subscriptions/85ba23e3-1754-41e4-952c-b2d1c4e400a3/resourceGroups/rg-tf/providers/Microsoft.Compute/virtualMachines/vm-postgres",
            "identity": [],
            "license_type": null,
            "location": "eastus",
            "name": "vm-postgres",
            "network_interface_ids": [
              "/subscriptions/85ba23e3-1754-41e4-952c-b2d1c4e400a3/resourceGroups/rg-tf/providers/Microsoft.Network/networkInterfaces/app-vm-postgres-nic"
            ],
            "os_profile": [
              {
                "admin_password": "",
                "admin_username": "azureuser",
                "computer_name": "app-vm-postgres",
                "custom_data": ""
              }
            ],
            "os_profile_linux_config": [
              {
                "disable_password_authentication": false,
                "ssh_keys": []
              }
            ],
            "os_profile_secrets": [],
            "os_profile_windows_config": [],
            "plan": [],
            "primary_network_interface_id": null,
            "proximity_placement_group_id": null,
            "resource_group_name": "rg-tf",
            "storage_data_disk": [],
            "storage_image_reference": [
              {
                "id": "",
                "offer": "UbuntuServer",
                "publisher": "Canonical",
                "sku": "18.04-LTS",
                "version": "latest"
              }
            ],
            "storage_os_disk": [
              {
                "caching": "ReadWrite",
                "create_option": "FromImage",
                "disk_size_gb": 30,
                "image_uri": "",
                "managed_disk_id": "/subscriptions/85ba23e3-1754-41e4-952c-b2d1c4e400a3/resourceGroups/rg-tf/providers/Microsoft.Compute/disks/app-vm-disk-postgres",
                "managed_disk_type": "Standard_LRS",
                "name": "app-vm-disk-postgres",
                "os_type": "Linux",
                "vhd_uri": "",
                "write_accelerator_enabled": false
              }
            ],
            "tags": {},
            "timeouts": null,
            "vm_size": "Standard_B1s",
            "zones": []
          },
          "sensitive_attributes": [
            [
              {
                "type": "get_attr",
                "value": "os_profile"
              }
            ]
          ],
          "private": "eyJlMmJmYjczMC1lY2FhLTExZTYtOGY4OC0zNDM2M2JjN2M0YzAiOnsiY3JlYXRlIjozNjAwMDAwMDAwMDAwLCJkZWxldGUiOjM2MDAwMDAwMDAwMDAsInJlYWQiOjMwMDAwMDAwMDAwMCwidXBkYXRlIjozNjAwMDAwMDAwMDAwfX0=",
          "dependencies": [
            "azurerm_network_interface.tf-nic-postgres",
            "azurerm_resource_group.tf",
            "azurerm_subnet.tf-private-subnet",
            "azurerm_virtual_network.tf",
            "random_password.password"
          ]
        }
      ]
    },
    {
      "mode": "managed",
      "type": "azurerm_virtual_network",
      "name": "tf",
      "provider": "provider[\"registry.terraform.io/hashicorp/azurerm\"]",
      "instances": [
        {
          "schema_version": 0,
          "attributes": {
            "address_space": [
              "10.0.0.0/24"
            ],
            "bgp_community": "",
            "ddos_protection_plan": [],
            "dns_servers": [],
            "edge_zone": "",
            "flow_timeout_in_minutes": 0,
            "guid": "e8605ad2-abf3-450f-946e-678750ddffcd",
            "id": "/subscriptions/85ba23e3-1754-41e4-952c-b2d1c4e400a3/resourceGroups/rg-tf/providers/Microsoft.Network/virtualNetworks/vnet-tf",
            "location": "eastus",
            "name": "vnet-tf",
            "resource_group_name": "rg-tf",
            "subnet": [
              {
                "address_prefix": "10.0.0.0/27",
                "id": "/subscriptions/85ba23e3-1754-41e4-952c-b2d1c4e400a3/resourceGroups/rg-tf/providers/Microsoft.Network/virtualNetworks/vnet-tf/subnets/private-subnet",
                "name": "private-subnet",
                "security_group": "/subscriptions/85ba23e3-1754-41e4-952c-b2d1c4e400a3/resourceGroups/rg-tf/providers/Microsoft.Network/networkSecurityGroups/private-nsg"
              },
              {
                "address_prefix": "10.0.0.32/27",
                "id": "/subscriptions/85ba23e3-1754-41e4-952c-b2d1c4e400a3/resourceGroups/rg-tf/providers/Microsoft.Network/virtualNetworks/vnet-tf/subnets/public-subnet",
                "name": "public-subnet",
                "security_group": "/subscriptions/85ba23e3-1754-41e4-952c-b2d1c4e400a3/resourceGroups/rg-tf/providers/Microsoft.Network/networkSecurityGroups/public-nsg"
              },
              {
                "address_prefix": "10.0.0.64/28",
                "id": "/subscriptions/85ba23e3-1754-41e4-952c-b2d1c4e400a3/resourceGroups/rg-tf/providers/Microsoft.Network/virtualNetworks/vnet-tf/subnets/postgres-subnet",
                "name": "postgres-subnet",
                "security_group": ""
              },
              {
                "address_prefix": "10.0.0.80/28",
                "id": "/subscriptions/85ba23e3-1754-41e4-952c-b2d1c4e400a3/resourceGroups/rg-tf/providers/Microsoft.Network/virtualNetworks/vnet-tf/subnets/free-subnet",
                "name": "free-subnet",
                "security_group": "/subscriptions/85ba23e3-1754-41e4-952c-b2d1c4e400a3/resourceGroups/rg-tf/providers/Microsoft.Network/networkSecurityGroups/vm-man-nsg"
              }
            ],
            "tags": {},
            "timeouts": null
          },
          "sensitive_attributes": [],
          "private": "eyJlMmJmYjczMC1lY2FhLTExZTYtOGY4OC0zNDM2M2JjN2M0YzAiOnsiY3JlYXRlIjoxODAwMDAwMDAwMDAwLCJkZWxldGUiOjE4MDAwMDAwMDAwMDAsInJlYWQiOjMwMDAwMDAwMDAwMCwidXBkYXRlIjoxODAwMDAwMDAwMDAwfX0=",
          "dependencies": [
            "azurerm_resource_group.tf"
          ]
        }
      ]
    },
    {
      "mode": "managed",
      "type": "random_password",
      "name": "password",
      "provider": "provider[\"registry.terraform.io/hashicorp/random\"]",
      "instances": [
        {
          "schema_version": 2,
          "attributes": {
            "bcrypt_hash": "$2a$10$fTgqul4KghGw7DpvmhA5HuNICTGcuz.Z5TxLnOKwJWE7MsGE2VNAC",
            "id": "none",
            "keepers": null,
            "length": 16,
            "lower": true,
            "min_lower": 0,
            "min_numeric": 0,
            "min_special": 0,
            "min_upper": 0,
            "number": true,
            "numeric": true,
            "override_special": null,
            "result": "iW7GEFJjFFqXS0jl",
            "special": false,
            "upper": true
          },
          "sensitive_attributes": [],
          "private": "eyJzY2hlbWFfdmVyc2lvbiI6IjIifQ=="
        }
      ]
    }
  ]
}
